
Microsoft Visual Studio Solution File, Format Version 12.00
# Visual Studio 15
VisualStudioVersion = 15.0.28307.1000
MinimumVisualStudioVersion = 10.0.40219.1
Project("{FAE04EC0-301F-11D3-BF4B-00C04F79EFBC}") = "MVCMoviesApp", "MVCMoviesApp\MVCMoviesApp.csproj", "{CC858892-414C-4B65-8B61-2A81E6F14B72}"
EndProject
Global
	GlobalSection(SolutionConfigurationPlatforms) = preSolution
		Debug|Any CPU = Debug|Any CPU
		Release|Any CPU = Release|Any CPU
	EndGlobalSection
	GlobalSection(ProjectConfigurationPlatforms) = postSolution
		{CC858892-414C-4B65-8B61-2A81E6F14B72}.Debug|Any CPU.ActiveCfg = Debug|Any CPU
		{CC858892-414C-4B65-8B61-2A81E6F14B72}.Debug|Any CPU.Build.0 = Debug|Any CPU
		{CC858892-414C-4B65-8B61-2A81E6F14B72}.Release|Any CPU.ActiveCfg = Release|Any CPU
		{CC858892-414C-4B65-8B61-2A81E6F14B72}.Release|Any CPU.Build.0 = Release|Any CPU
	EndGlobalSection
	GlobalSection(SolutionProperties) = preSolution
		HideSolutionNode = FALSE
	EndGlobalSection
	GlobalSection(ExtensibilityGlobals) = postSolution
		SolutionGuid = {62468B49-1052-476D-A5DE-C6C65C85BD90}
	EndGlobalSection
EndGlobal
